
Microsoft Visual Studio Solution File, Format Version 12.00
# Visual Studio Version 17
VisualStudioVersion = 17.5.002.0
MinimumVisualStudioVersion = 10.0.40219.1
Project("{9A19103F-16F7-4668-BE54-9A1E7A4F7556}") = "api", "api\api.csproj", "{216454A7-E46C-415A-AC46-DA55B26288B0}"
EndProject
Project("{FAE04EC0-301F-11D3-BF4B-00C04F79EFBC}") = "Test", "Test\Test.csproj", "{8089E584-6245-4911-AD25-B2EC21620F9D}"
EndProject
Global
	GlobalSection(SolutionConfigurationPlatforms) = preSolution
		Debug|Any CPU = Debug|Any CPU
		Release|Any CPU = Release|Any CPU
	EndGlobalSection
	GlobalSection(ProjectConfigurationPlatforms) = postSolution
		{216454A7-E46C-415A-AC46-DA55B26288B0}.Debug|Any CPU.ActiveCfg = Debug|Any CPU
		{216454A7-E46C-415A-AC46-DA55B26288B0}.Debug|Any CPU.Build.0 = Debug|Any CPU
		{216454A7-E46C-415A-AC46-DA55B26288B0}.Release|Any CPU.ActiveCfg = Release|Any CPU
		{216454A7-E46C-415A-AC46-DA55B26288B0}.Release|Any CPU.Build.0 = Release|Any CPU
		{8089E584-6245-4911-AD25-B2EC21620F9D}.Debug|Any CPU.ActiveCfg = Debug|Any CPU
		{8089E584-6245-4911-AD25-B2EC21620F9D}.Debug|Any CPU.Build.0 = Debug|Any CPU
		{8089E584-6245-4911-AD25-B2EC21620F9D}.Release|Any CPU.ActiveCfg = Release|Any CPU
		{8089E584-6245-4911-AD25-B2EC21620F9D}.Release|Any CPU.Build.0 = Release|Any CPU
	EndGlobalSection
	GlobalSection(SolutionProperties) = preSolution
		HideSolutionNode = FALSE
	EndGlobalSection
	GlobalSection(ExtensibilityGlobals) = postSolution
		SolutionGuid = {5884A8E0-E271-4516-9962-9CAF97C9062B}
	EndGlobalSection
EndGlobal
